
Microsoft Visual Studio Solution File, Format Version 12.00
# Visual Studio Version 16
VisualStudioVersion = 16.0.31205.134
MinimumVisualStudioVersion = 10.0.40219.1
Project("{FAE04EC0-301F-11D3-BF4B-00C04F79EFBC}") = "Workers", "Workers\Workers.csproj", "{4B330F1D-0DC6-48DC-A6E3-D65828084E5B}"
EndProject
Global
	GlobalSection(SolutionConfigurationPlatforms) = preSolution
		Debug|Any CPU = Debug|Any CPU
		Release|Any CPU = Release|Any CPU
	EndGlobalSection
	GlobalSection(ProjectConfigurationPlatforms) = postSolution
		{4B330F1D-0DC6-48DC-A6E3-D65828084E5B}.Debug|Any CPU.ActiveCfg = Debug|Any CPU
		{4B330F1D-0DC6-48DC-A6E3-D65828084E5B}.Debug|Any CPU.Build.0 = Debug|Any CPU
		{4B330F1D-0DC6-48DC-A6E3-D65828084E5B}.Release|Any CPU.ActiveCfg = Release|Any CPU
		{4B330F1D-0DC6-48DC-A6E3-D65828084E5B}.Release|Any CPU.Build.0 = Release|Any CPU
	EndGlobalSection
	GlobalSection(SolutionProperties) = preSolution
		HideSolutionNode = FALSE
	EndGlobalSection
	GlobalSection(ExtensibilityGlobals) = postSolution
		SolutionGuid = {ED86DB47-BC0F-4852-A112-EE8C8BE2F7AF}
	EndGlobalSection
EndGlobal
